
Microsoft Visual Studio Solution File, Format Version 12.00
# Visual Studio Version 17
VisualStudioVersion = 17.5.002.0
MinimumVisualStudioVersion = 10.0.40219.1
Project("{9A19103F-16F7-4668-BE54-9A1E7A4F7556}") = "dinner-ideas-lambda", "dinner-ideas-api\dinner-ideas-lambda\dinner-ideas-lambda.csproj", "{3A38375C-FA5A-4D76-AB92-E9F50D77208B}"
EndProject
Project("{9A19103F-16F7-4668-BE54-9A1E7A4F7556}") = "dinner-ideas-lambda.Tests", "dinner-ideas-api\test\dinner-ideas-lambda.Tests.csproj", "{5DD4ACA2-3EAC-4562-ADEC-FB5927536246}"
EndProject
Global
	GlobalSection(SolutionConfigurationPlatforms) = preSolution
		Debug|Any CPU = Debug|Any CPU
		Release|Any CPU = Release|Any CPU
	EndGlobalSection
	GlobalSection(ProjectConfigurationPlatforms) = postSolution
		{3A38375C-FA5A-4D76-AB92-E9F50D77208B}.Debug|Any CPU.ActiveCfg = Debug|Any CPU
		{3A38375C-FA5A-4D76-AB92-E9F50D77208B}.Debug|Any CPU.Build.0 = Debug|Any CPU
		{3A38375C-FA5A-4D76-AB92-E9F50D77208B}.Release|Any CPU.ActiveCfg = Release|Any CPU
		{3A38375C-FA5A-4D76-AB92-E9F50D77208B}.Release|Any CPU.Build.0 = Release|Any CPU
		{5DD4ACA2-3EAC-4562-ADEC-FB5927536246}.Debug|Any CPU.ActiveCfg = Debug|Any CPU
		{5DD4ACA2-3EAC-4562-ADEC-FB5927536246}.Debug|Any CPU.Build.0 = Debug|Any CPU
		{5DD4ACA2-3EAC-4562-ADEC-FB5927536246}.Release|Any CPU.ActiveCfg = Release|Any CPU
		{5DD4ACA2-3EAC-4562-ADEC-FB5927536246}.Release|Any CPU.Build.0 = Release|Any CPU
	EndGlobalSection
	GlobalSection(SolutionProperties) = preSolution
		HideSolutionNode = FALSE
	EndGlobalSection
	GlobalSection(NestedProjects) = preSolution
		{3A38375C-FA5A-4D76-AB92-E9F50D77208B} = {A8883A03-C06B-4D31-B063-8805B7698F83}
		{5DD4ACA2-3EAC-4562-ADEC-FB5927536246} = {A8883A03-C06B-4D31-B063-8805B7698F83}
	EndGlobalSection
	GlobalSection(ExtensibilityGlobals) = postSolution
		SolutionGuid = {547AF384-55C0-463A-BFB8-15322020841C}
	EndGlobalSection
EndGlobal
