
Microsoft Visual Studio Solution File, Format Version 12.00
# Visual Studio Version 17
VisualStudioVersion = 17.5.002.0
MinimumVisualStudioVersion = 10.0.40219.1
Project("{2150E333-8FDC-42A3-9474-1A3956D46DE8}") = "dinner-ideas-api", "dinner-ideas-api", "{1F03639A-7CB4-40E8-BF4F-16ACF8FCEA97}"
EndProject
Project("{FAE04EC0-301F-11D3-BF4B-00C04F79EFBC}") = "dinner-ideas-lambda", "dinner-ideas-api\dinner-ideas-lambda\dinner-ideas-lambda.csproj", "{BBEFED5B-B2C7-4AD4-A72E-5A65E9BFD97C}"
EndProject
Project("{FAE04EC0-301F-11D3-BF4B-00C04F79EFBC}") = "dinner-ideas-lambda.Tests", "dinner-ideas-api\dinner-ideas-lambda-tests\dinner-ideas-lambda.Tests.csproj", "{05A67356-4BD3-4EE2-A9AA-60F270D5705D}"
EndProject
Project("{FAE04EC0-301F-11D3-BF4B-00C04F79EFBC}") = "dinner-ideas-lambda-tester", "dinner-ideas-api\dinner-ideas-lambda-tester\dinner-ideas-lambda-tester.csproj", "{7E46F4B8-D1E7-4285-94F9-4BF3A0C4DAD5}"
EndProject
Project("{FAE04EC0-301F-11D3-BF4B-00C04F79EFBC}") = "dinner-ideas-library", "dinner-ideas-api\dinner-ideas-library\dinner-ideas-library.csproj", "{9EB2E396-2B65-4A3F-8C88-A3D72FBBE5D3}"
EndProject
Global
	GlobalSection(SolutionConfigurationPlatforms) = preSolution
		Debug|Any CPU = Debug|Any CPU
		Release|Any CPU = Release|Any CPU
	EndGlobalSection
	GlobalSection(ProjectConfigurationPlatforms) = postSolution
		{BBEFED5B-B2C7-4AD4-A72E-5A65E9BFD97C}.Debug|Any CPU.ActiveCfg = Debug|Any CPU
		{BBEFED5B-B2C7-4AD4-A72E-5A65E9BFD97C}.Debug|Any CPU.Build.0 = Debug|Any CPU
		{BBEFED5B-B2C7-4AD4-A72E-5A65E9BFD97C}.Release|Any CPU.ActiveCfg = Release|Any CPU
		{BBEFED5B-B2C7-4AD4-A72E-5A65E9BFD97C}.Release|Any CPU.Build.0 = Release|Any CPU
		{05A67356-4BD3-4EE2-A9AA-60F270D5705D}.Debug|Any CPU.ActiveCfg = Debug|Any CPU
		{05A67356-4BD3-4EE2-A9AA-60F270D5705D}.Debug|Any CPU.Build.0 = Debug|Any CPU
		{05A67356-4BD3-4EE2-A9AA-60F270D5705D}.Release|Any CPU.ActiveCfg = Release|Any CPU
		{05A67356-4BD3-4EE2-A9AA-60F270D5705D}.Release|Any CPU.Build.0 = Release|Any CPU
		{7E46F4B8-D1E7-4285-94F9-4BF3A0C4DAD5}.Debug|Any CPU.ActiveCfg = Debug|Any CPU
		{7E46F4B8-D1E7-4285-94F9-4BF3A0C4DAD5}.Debug|Any CPU.Build.0 = Debug|Any CPU
		{7E46F4B8-D1E7-4285-94F9-4BF3A0C4DAD5}.Release|Any CPU.ActiveCfg = Release|Any CPU
		{7E46F4B8-D1E7-4285-94F9-4BF3A0C4DAD5}.Release|Any CPU.Build.0 = Release|Any CPU
		{9EB2E396-2B65-4A3F-8C88-A3D72FBBE5D3}.Debug|Any CPU.ActiveCfg = Debug|Any CPU
		{9EB2E396-2B65-4A3F-8C88-A3D72FBBE5D3}.Debug|Any CPU.Build.0 = Debug|Any CPU
		{9EB2E396-2B65-4A3F-8C88-A3D72FBBE5D3}.Release|Any CPU.ActiveCfg = Release|Any CPU
		{9EB2E396-2B65-4A3F-8C88-A3D72FBBE5D3}.Release|Any CPU.Build.0 = Release|Any CPU
	EndGlobalSection
	GlobalSection(SolutionProperties) = preSolution
		HideSolutionNode = FALSE
	EndGlobalSection
	GlobalSection(NestedProjects) = preSolution
		{BBEFED5B-B2C7-4AD4-A72E-5A65E9BFD97C} = {1F03639A-7CB4-40E8-BF4F-16ACF8FCEA97}
		{05A67356-4BD3-4EE2-A9AA-60F270D5705D} = {1F03639A-7CB4-40E8-BF4F-16ACF8FCEA97}
		{7E46F4B8-D1E7-4285-94F9-4BF3A0C4DAD5} = {1F03639A-7CB4-40E8-BF4F-16ACF8FCEA97}
		{9EB2E396-2B65-4A3F-8C88-A3D72FBBE5D3} = {1F03639A-7CB4-40E8-BF4F-16ACF8FCEA97}
	EndGlobalSection
	GlobalSection(ExtensibilityGlobals) = postSolution
		SolutionGuid = {547AF384-55C0-463A-BFB8-15322020841C}
	EndGlobalSection
EndGlobal
